
Microsoft Visual Studio Solution File, Format Version 12.00
# Visual Studio Version 16
VisualStudioVersion = 16.0.29411.108
MinimumVisualStudioVersion = 10.0.40219.1
Project("{FAE04EC0-301F-11D3-BF4B-00C04F79EFBC}") = "Umbraco.Deploy.Contrib.Connectors", "Umbraco.Deploy.Contrib.Connectors\Umbraco.Deploy.Contrib.Connectors.csproj", "{42FB2213-0815-41CD-94F8-DFB0EC1D8061}"
EndProject
Project("{FAE04EC0-301F-11D3-BF4B-00C04F79EFBC}") = "Umbraco.Deploy.Contrib.Tests", "Umbraco.Deploy.Contrib.Tests\Umbraco.Deploy.Contrib.Tests.csproj", "{48B09241-9C44-47EF-B4DF-397B39A631DC}"
EndProject
Project("{2150E333-8FDC-42A3-9474-1A3956D46DE8}") = "Solution Items", "Solution Items", "{7AF3C28D-DBD0-4771-9A78-D6E982094DCC}"
	ProjectSection(SolutionItems) = preProject
		..\CONTRIBUTING.md = ..\CONTRIBUTING.md
		..\LICENSE.md = ..\LICENSE.md
		..\README.md = ..\README.md
	EndProjectSection
EndProject
Global
	GlobalSection(SolutionConfigurationPlatforms) = preSolution
		Debug|Any CPU = Debug|Any CPU
		Release|Any CPU = Release|Any CPU
	EndGlobalSection
	GlobalSection(ProjectConfigurationPlatforms) = postSolution
		{42FB2213-0815-41CD-94F8-DFB0EC1D8061}.Debug|Any CPU.ActiveCfg = Debug|Any CPU
		{42FB2213-0815-41CD-94F8-DFB0EC1D8061}.Debug|Any CPU.Build.0 = Debug|Any CPU
		{42FB2213-0815-41CD-94F8-DFB0EC1D8061}.Release|Any CPU.ActiveCfg = Release|Any CPU
		{42FB2213-0815-41CD-94F8-DFB0EC1D8061}.Release|Any CPU.Build.0 = Release|Any CPU
		{48B09241-9C44-47EF-B4DF-397B39A631DC}.Debug|Any CPU.ActiveCfg = Debug|Any CPU
		{48B09241-9C44-47EF-B4DF-397B39A631DC}.Debug|Any CPU.Build.0 = Debug|Any CPU
		{48B09241-9C44-47EF-B4DF-397B39A631DC}.Release|Any CPU.ActiveCfg = Release|Any CPU
		{48B09241-9C44-47EF-B4DF-397B39A631DC}.Release|Any CPU.Build.0 = Release|Any CPU
	EndGlobalSection
	GlobalSection(SolutionProperties) = preSolution
		HideSolutionNode = FALSE
	EndGlobalSection
	GlobalSection(ExtensibilityGlobals) = postSolution
		SolutionGuid = {20357E31-FA18-4D77-B38B-6C878A179849}
	EndGlobalSection
EndGlobal
